
Microsoft Visual Studio Solution File, Format Version 12.00
# Visual Studio Version 17
VisualStudioVersion = 17.2.32526.322
MinimumVisualStudioVersion = 10.0.40219.1
Project("{FAE04EC0-301F-11D3-BF4B-00C04F79EFBC}") = "FacturacionBackend", "FacturacionBackend\FacturacionBackend.csproj", "{160B8F16-57C1-49C4-A246-CC2F470AFCFB}"
EndProject
Project("{FAE04EC0-301F-11D3-BF4B-00C04F79EFBC}") = "FacturacionAPI", "FacturacionAPI\FacturacionAPI.csproj", "{8B6C9FCA-2AA3-47BB-9F46-D61797333C10}"
EndProject
Project("{FAE04EC0-301F-11D3-BF4B-00C04F79EFBC}") = "FrontFacturacion", "FrontFacturacion\FrontFacturacion.csproj", "{1BC1FAAB-35B7-4546-811A-320980A10864}"
EndProject
Global
	GlobalSection(SolutionConfigurationPlatforms) = preSolution
		Debug|Any CPU = Debug|Any CPU
		Release|Any CPU = Release|Any CPU
	EndGlobalSection
	GlobalSection(ProjectConfigurationPlatforms) = postSolution
		{160B8F16-57C1-49C4-A246-CC2F470AFCFB}.Debug|Any CPU.ActiveCfg = Debug|Any CPU
		{160B8F16-57C1-49C4-A246-CC2F470AFCFB}.Debug|Any CPU.Build.0 = Debug|Any CPU
		{160B8F16-57C1-49C4-A246-CC2F470AFCFB}.Release|Any CPU.ActiveCfg = Release|Any CPU
		{160B8F16-57C1-49C4-A246-CC2F470AFCFB}.Release|Any CPU.Build.0 = Release|Any CPU
		{8B6C9FCA-2AA3-47BB-9F46-D61797333C10}.Debug|Any CPU.ActiveCfg = Debug|Any CPU
		{8B6C9FCA-2AA3-47BB-9F46-D61797333C10}.Debug|Any CPU.Build.0 = Debug|Any CPU
		{8B6C9FCA-2AA3-47BB-9F46-D61797333C10}.Release|Any CPU.ActiveCfg = Release|Any CPU
		{8B6C9FCA-2AA3-47BB-9F46-D61797333C10}.Release|Any CPU.Build.0 = Release|Any CPU
		{1BC1FAAB-35B7-4546-811A-320980A10864}.Debug|Any CPU.ActiveCfg = Debug|Any CPU
		{1BC1FAAB-35B7-4546-811A-320980A10864}.Debug|Any CPU.Build.0 = Debug|Any CPU
		{1BC1FAAB-35B7-4546-811A-320980A10864}.Release|Any CPU.ActiveCfg = Release|Any CPU
		{1BC1FAAB-35B7-4546-811A-320980A10864}.Release|Any CPU.Build.0 = Release|Any CPU
	EndGlobalSection
	GlobalSection(SolutionProperties) = preSolution
		HideSolutionNode = FALSE
	EndGlobalSection
	GlobalSection(ExtensibilityGlobals) = postSolution
		SolutionGuid = {02935E42-32E4-49D7-9EC1-B11FEA2A9AEE}
	EndGlobalSection
EndGlobal
